// !$*UTF8*$!
{
	archiveVersion = 1;
	classes = {
	};
	objectVersion = 56;
	objects = {

/* Begin PBXBuildFile section */
		D464357B2C245F4F0032FBB1 /* SplashViewModel.swift in Sources */ = {isa = PBXBuildFile; fileRef = D464357A2C245F4F0032FBB1 /* SplashViewModel.swift */; };
		D46435812C2477380032FBB1 /* SignInView.swift in Sources */ = {isa = PBXBuildFile; fileRef = D46435802C2477380032FBB1 /* SignInView.swift */; };
		D46435832C24776F0032FBB1 /* SignInViewModel.swift in Sources */ = {isa = PBXBuildFile; fileRef = D46435822C24776F0032FBB1 /* SignInViewModel.swift */; };
		D46435852C24784B0032FBB1 /* SplashViewRouter.swift in Sources */ = {isa = PBXBuildFile; fileRef = D46435842C24784B0032FBB1 /* SplashViewRouter.swift */; };
		D46435872C2489D80032FBB1 /* SignInUIState.swift in Sources */ = {isa = PBXBuildFile; fileRef = D46435862C2489D80032FBB1 /* SignInUIState.swift */; };
		D46435892C248F0B0032FBB1 /* SignInViewRouter.swift in Sources */ = {isa = PBXBuildFile; fileRef = D46435882C248F0B0032FBB1 /* SignInViewRouter.swift */; };
		D464358F2C248F890032FBB1 /* HomeView.swift in Sources */ = {isa = PBXBuildFile; fileRef = D464358E2C248F890032FBB1 /* HomeView.swift */; };
		D46435912C248F950032FBB1 /* HomeViewModel.swift in Sources */ = {isa = PBXBuildFile; fileRef = D46435902C248F950032FBB1 /* HomeViewModel.swift */; };
		D46435982C2492430032FBB1 /* SignUpView.swift in Sources */ = {isa = PBXBuildFile; fileRef = D46435972C2492430032FBB1 /* SignUpView.swift */; };
		D464359A2C24924B0032FBB1 /* SignUpViewModel.swift in Sources */ = {isa = PBXBuildFile; fileRef = D46435992C24924B0032FBB1 /* SignUpViewModel.swift */; };
		D464359E2C249F320032FBB1 /* Gender.swift in Sources */ = {isa = PBXBuildFile; fileRef = D464359D2C249F320032FBB1 /* Gender.swift */; };
		D46435A02C24A3E90032FBB1 /* SignUpUIState.swift in Sources */ = {isa = PBXBuildFile; fileRef = D464359F2C24A3E90032FBB1 /* SignUpUIState.swift */; };
		D46435A22C24A48D0032FBB1 /* SignUpViewRouter.swift in Sources */ = {isa = PBXBuildFile; fileRef = D46435A12C24A48D0032FBB1 /* SignUpViewRouter.swift */; };
		D46435A52C24CA940032FBB1 /* EditTextView.swift in Sources */ = {isa = PBXBuildFile; fileRef = D46435A42C24CA940032FBB1 /* EditTextView.swift */; };
		D46435AD2C24FCD70032FBB1 /* String+Extension.swift in Sources */ = {isa = PBXBuildFile; fileRef = D46435AC2C24FCD70032FBB1 /* String+Extension.swift */; };
		D46435AF2C24FF900032FBB1 /* LoadingButtonView.swift in Sources */ = {isa = PBXBuildFile; fileRef = D46435AE2C24FF8F0032FBB1 /* LoadingButtonView.swift */; };
		D46435B22C2525850032FBB1 /* WebService.swift in Sources */ = {isa = PBXBuildFile; fileRef = D46435B12C2525850032FBB1 /* WebService.swift */; };
		D46435B42C2CE7260032FBB1 /* SignUpRequest.swift in Sources */ = {isa = PBXBuildFile; fileRef = D46435B32C2CE7260032FBB1 /* SignUpRequest.swift */; };
		D4F1B2D42C23EF09004EF611 /* HabitApp.swift in Sources */ = {isa = PBXBuildFile; fileRef = D4F1B2D32C23EF09004EF611 /* HabitApp.swift */; };
		D4F1B2D82C23EF0B004EF611 /* Assets.xcassets in Resources */ = {isa = PBXBuildFile; fileRef = D4F1B2D72C23EF0B004EF611 /* Assets.xcassets */; };
		D4F1B2DB2C23EF0B004EF611 /* Preview Assets.xcassets in Resources */ = {isa = PBXBuildFile; fileRef = D4F1B2DA2C23EF0B004EF611 /* Preview Assets.xcassets */; };
		D4F1B2E62C23EFE8004EF611 /* SplashView.swift in Sources */ = {isa = PBXBuildFile; fileRef = D4F1B2E52C23EFE8004EF611 /* SplashView.swift */; };
		D4F1B2E82C23F0DA004EF611 /* SplashUIState.swift in Sources */ = {isa = PBXBuildFile; fileRef = D4F1B2E72C23F0DA004EF611 /* SplashUIState.swift */; };
/* End PBXBuildFile section */

/* Begin PBXFileReference section */
		D464357A2C245F4F0032FBB1 /* SplashViewModel.swift */ = {isa = PBXFileReference; lastKnownFileType = sourcecode.swift; path = SplashViewModel.swift; sourceTree = "<group>"; };
		D46435802C2477380032FBB1 /* SignInView.swift */ = {isa = PBXFileReference; lastKnownFileType = sourcecode.swift; path = SignInView.swift; sourceTree = "<group>"; };
		D46435822C24776F0032FBB1 /* SignInViewModel.swift */ = {isa = PBXFileReference; lastKnownFileType = sourcecode.swift; path = SignInViewModel.swift; sourceTree = "<group>"; };
		D46435842C24784B0032FBB1 /* SplashViewRouter.swift */ = {isa = PBXFileReference; lastKnownFileType = sourcecode.swift; path = SplashViewRouter.swift; sourceTree = "<group>"; };
		D46435862C2489D80032FBB1 /* SignInUIState.swift */ = {isa = PBXFileReference; lastKnownFileType = sourcecode.swift; path = SignInUIState.swift; sourceTree = "<group>"; };
		D46435882C248F0B0032FBB1 /* SignInViewRouter.swift */ = {isa = PBXFileReference; lastKnownFileType = sourcecode.swift; path = SignInViewRouter.swift; sourceTree = "<group>"; };
		D464358E2C248F890032FBB1 /* HomeView.swift */ = {isa = PBXFileReference; lastKnownFileType = sourcecode.swift; path = HomeView.swift; sourceTree = "<group>"; };
		D46435902C248F950032FBB1 /* HomeViewModel.swift */ = {isa = PBXFileReference; lastKnownFileType = sourcecode.swift; path = HomeViewModel.swift; sourceTree = "<group>"; };
		D46435972C2492430032FBB1 /* SignUpView.swift */ = {isa = PBXFileReference; lastKnownFileType = sourcecode.swift; path = SignUpView.swift; sourceTree = "<group>"; };
		D46435992C24924B0032FBB1 /* SignUpViewModel.swift */ = {isa = PBXFileReference; lastKnownFileType = sourcecode.swift; path = SignUpViewModel.swift; sourceTree = "<group>"; };
		D464359D2C249F320032FBB1 /* Gender.swift */ = {isa = PBXFileReference; lastKnownFileType = sourcecode.swift; path = Gender.swift; sourceTree = "<group>"; };
		D464359F2C24A3E90032FBB1 /* SignUpUIState.swift */ = {isa = PBXFileReference; lastKnownFileType = sourcecode.swift; path = SignUpUIState.swift; sourceTree = "<group>"; };
		D46435A12C24A48D0032FBB1 /* SignUpViewRouter.swift */ = {isa = PBXFileReference; lastKnownFileType = sourcecode.swift; path = SignUpViewRouter.swift; sourceTree = "<group>"; };
		D46435A42C24CA940032FBB1 /* EditTextView.swift */ = {isa = PBXFileReference; lastKnownFileType = sourcecode.swift; path = EditTextView.swift; sourceTree = "<group>"; };
		D46435AC2C24FCD70032FBB1 /* String+Extension.swift */ = {isa = PBXFileReference; lastKnownFileType = sourcecode.swift; path = "String+Extension.swift"; sourceTree = "<group>"; };
		D46435AE2C24FF8F0032FBB1 /* LoadingButtonView.swift */ = {isa = PBXFileReference; lastKnownFileType = sourcecode.swift; path = LoadingButtonView.swift; sourceTree = "<group>"; };
		D46435B12C2525850032FBB1 /* WebService.swift */ = {isa = PBXFileReference; lastKnownFileType = sourcecode.swift; path = WebService.swift; sourceTree = "<group>"; };
		D46435B32C2CE7260032FBB1 /* SignUpRequest.swift */ = {isa = PBXFileReference; lastKnownFileType = sourcecode.swift; path = SignUpRequest.swift; sourceTree = "<group>"; };
		D4F1B2D02C23EF09004EF611 /* Habit.app */ = {isa = PBXFileReference; explicitFileType = wrapper.application; includeInIndex = 0; path = Habit.app; sourceTree = BUILT_PRODUCTS_DIR; };
		D4F1B2D32C23EF09004EF611 /* HabitApp.swift */ = {isa = PBXFileReference; lastKnownFileType = sourcecode.swift; path = HabitApp.swift; sourceTree = "<group>"; };
		D4F1B2D72C23EF0B004EF611 /* Assets.xcassets */ = {isa = PBXFileReference; lastKnownFileType = folder.assetcatalog; path = Assets.xcassets; sourceTree = "<group>"; };
		D4F1B2DA2C23EF0B004EF611 /* Preview Assets.xcassets */ = {isa = PBXFileReference; lastKnownFileType = folder.assetcatalog; path = "Preview Assets.xcassets"; sourceTree = "<group>"; };
		D4F1B2E52C23EFE8004EF611 /* SplashView.swift */ = {isa = PBXFileReference; lastKnownFileType = sourcecode.swift; path = SplashView.swift; sourceTree = "<group>"; };
		D4F1B2E72C23F0DA004EF611 /* SplashUIState.swift */ = {isa = PBXFileReference; lastKnownFileType = sourcecode.swift; path = SplashUIState.swift; sourceTree = "<group>"; };
/* End PBXFileReference section */

/* Begin PBXFrameworksBuildPhase section */
		D4F1B2CD2C23EF09004EF611 /* Frameworks */ = {
			isa = PBXFrameworksBuildPhase;
			buildActionMask = 2147483647;
			files = (
			);
			runOnlyForDeploymentPostprocessing = 0;
		};
/* End PBXFrameworksBuildPhase section */

/* Begin PBXGroup section */
		D46435792C245F1E0032FBB1 /* ViewModel */ = {
			isa = PBXGroup;
			children = (
				D464357A2C245F4F0032FBB1 /* SplashViewModel.swift */,
				D46435842C24784B0032FBB1 /* SplashViewRouter.swift */,
			);
			path = ViewModel;
			sourceTree = "<group>";
		};
		D464357C2C2476DB0032FBB1 /* SignIn */ = {
			isa = PBXGroup;
			children = (
				D464357D2C2476EE0032FBB1 /* View */,
				D464357E2C2476F30032FBB1 /* ViewModel */,
				D464357F2C2476FA0032FBB1 /* Model */,
			);
			path = SignIn;
			sourceTree = "<group>";
		};
		D464357D2C2476EE0032FBB1 /* View */ = {
			isa = PBXGroup;
			children = (
				D46435802C2477380032FBB1 /* SignInView.swift */,
			);
			path = View;
			sourceTree = "<group>";
		};
		D464357E2C2476F30032FBB1 /* ViewModel */ = {
			isa = PBXGroup;
			children = (
				D46435822C24776F0032FBB1 /* SignInViewModel.swift */,
				D46435882C248F0B0032FBB1 /* SignInViewRouter.swift */,
			);
			path = ViewModel;
			sourceTree = "<group>";
		};
		D464357F2C2476FA0032FBB1 /* Model */ = {
			isa = PBXGroup;
			children = (
				D46435862C2489D80032FBB1 /* SignInUIState.swift */,
			);
			path = Model;
			sourceTree = "<group>";
		};
		D464358A2C248F690032FBB1 /* Home */ = {
			isa = PBXGroup;
			children = (
				D464358D2C248F830032FBB1 /* View */,
				D464358C2C248F7D0032FBB1 /* ViewModel */,
				D464358B2C248F780032FBB1 /* Model */,
			);
			path = Home;
			sourceTree = "<group>";
		};
		D464358B2C248F780032FBB1 /* Model */ = {
			isa = PBXGroup;
			children = (
			);
			path = Model;
			sourceTree = "<group>";
		};
		D464358C2C248F7D0032FBB1 /* ViewModel */ = {
			isa = PBXGroup;
			children = (
				D46435902C248F950032FBB1 /* HomeViewModel.swift */,
			);
			path = ViewModel;
			sourceTree = "<group>";
		};
		D464358D2C248F830032FBB1 /* View */ = {
			isa = PBXGroup;
			children = (
				D464358E2C248F890032FBB1 /* HomeView.swift */,
			);
			path = View;
			sourceTree = "<group>";
		};
		D46435922C2491FB0032FBB1 /* SignUp */ = {
			isa = PBXGroup;
			children = (
				D46435962C2492340032FBB1 /* View */,
				D46435952C24922C0032FBB1 /* ViewModel */,
				D46435932C2492220032FBB1 /* Model */,
			);
			path = SignUp;
			sourceTree = "<group>";
		};
		D46435932C2492220032FBB1 /* Model */ = {
			isa = PBXGroup;
			children = (
				D464359F2C24A3E90032FBB1 /* SignUpUIState.swift */,
				D46435B32C2CE7260032FBB1 /* SignUpRequest.swift */,
			);
			path = Model;
			sourceTree = "<group>";
		};
		D46435952C24922C0032FBB1 /* ViewModel */ = {
			isa = PBXGroup;
			children = (
				D46435992C24924B0032FBB1 /* SignUpViewModel.swift */,
				D46435A12C24A48D0032FBB1 /* SignUpViewRouter.swift */,
			);
			path = ViewModel;
			sourceTree = "<group>";
		};
		D46435962C2492340032FBB1 /* View */ = {
			isa = PBXGroup;
			children = (
				D46435972C2492430032FBB1 /* SignUpView.swift */,
			);
			path = View;
			sourceTree = "<group>";
		};
		D464359B2C249F1E0032FBB1 /* Common */ = {
			isa = PBXGroup;
			children = (
				D46435B02C25256B0032FBB1 /* Network */,
				D46435AB2C24FCA30032FBB1 /* Lang */,
				D46435A32C24CA8A0032FBB1 /* View */,
				D464359C2C249F2B0032FBB1 /* Model */,
			);
			path = Common;
			sourceTree = "<group>";
		};
		D464359C2C249F2B0032FBB1 /* Model */ = {
			isa = PBXGroup;
			children = (
				D464359D2C249F320032FBB1 /* Gender.swift */,
			);
			path = Model;
			sourceTree = "<group>";
		};
		D46435A32C24CA8A0032FBB1 /* View */ = {
			isa = PBXGroup;
			children = (
				D46435A42C24CA940032FBB1 /* EditTextView.swift */,
				D46435AE2C24FF8F0032FBB1 /* LoadingButtonView.swift */,
			);
			path = View;
			sourceTree = "<group>";
		};
		D46435AB2C24FCA30032FBB1 /* Lang */ = {
			isa = PBXGroup;
			children = (
				D46435AC2C24FCD70032FBB1 /* String+Extension.swift */,
			);
			path = Lang;
			sourceTree = "<group>";
		};
		D46435B02C25256B0032FBB1 /* Network */ = {
			isa = PBXGroup;
			children = (
				D46435B12C2525850032FBB1 /* WebService.swift */,
			);
			path = Network;
			sourceTree = "<group>";
		};
		D4F1B2C72C23EF08004EF611 = {
			isa = PBXGroup;
			children = (
				D4F1B2D22C23EF09004EF611 /* Habit */,
				D4F1B2D12C23EF09004EF611 /* Products */,
			);
			sourceTree = "<group>";
		};
		D4F1B2D12C23EF09004EF611 /* Products */ = {
			isa = PBXGroup;
			children = (
				D4F1B2D02C23EF09004EF611 /* Habit.app */,
			);
			name = Products;
			sourceTree = "<group>";
		};
		D4F1B2D22C23EF09004EF611 /* Habit */ = {
			isa = PBXGroup;
			children = (
				D464359B2C249F1E0032FBB1 /* Common */,
				D46435922C2491FB0032FBB1 /* SignUp */,
				D464358A2C248F690032FBB1 /* Home */,
				D464357C2C2476DB0032FBB1 /* SignIn */,
				D4F1B2E12C23EF8E004EF611 /* Splash */,
				D4F1B2D32C23EF09004EF611 /* HabitApp.swift */,
				D4F1B2D72C23EF0B004EF611 /* Assets.xcassets */,
				D4F1B2D92C23EF0B004EF611 /* Preview Content */,
			);
			path = Habit;
			sourceTree = "<group>";
		};
		D4F1B2D92C23EF0B004EF611 /* Preview Content */ = {
			isa = PBXGroup;
			children = (
				D4F1B2DA2C23EF0B004EF611 /* Preview Assets.xcassets */,
			);
			path = "Preview Content";
			sourceTree = "<group>";
		};
		D4F1B2E12C23EF8E004EF611 /* Splash */ = {
			isa = PBXGroup;
			children = (
				D4F1B2E22C23EFA9004EF611 /* View */,
				D46435792C245F1E0032FBB1 /* ViewModel */,
				D4F1B2E32C23EFB0004EF611 /* Model */,
			);
			path = Splash;
			sourceTree = "<group>";
		};
		D4F1B2E22C23EFA9004EF611 /* View */ = {
			isa = PBXGroup;
			children = (
				D4F1B2E52C23EFE8004EF611 /* SplashView.swift */,
			);
			path = View;
			sourceTree = "<group>";
		};
		D4F1B2E32C23EFB0004EF611 /* Model */ = {
			isa = PBXGroup;
			children = (
				D4F1B2E72C23F0DA004EF611 /* SplashUIState.swift */,
			);
			path = Model;
			sourceTree = "<group>";
		};
/* End PBXGroup section */

/* Begin PBXNativeTarget section */
		D4F1B2CF2C23EF09004EF611 /* Habit */ = {
			isa = PBXNativeTarget;
			buildConfigurationList = D4F1B2DE2C23EF0B004EF611 /* Build configuration list for PBXNativeTarget "Habit" */;
			buildPhases = (
				D4F1B2CC2C23EF09004EF611 /* Sources */,
				D4F1B2CD2C23EF09004EF611 /* Frameworks */,
				D4F1B2CE2C23EF09004EF611 /* Resources */,
			);
			buildRules = (
			);
			dependencies = (
			);
			name = Habit;
			productName = Habit;
			productReference = D4F1B2D02C23EF09004EF611 /* Habit.app */;
			productType = "com.apple.product-type.application";
		};
/* End PBXNativeTarget section */

/* Begin PBXProject section */
		D4F1B2C82C23EF08004EF611 /* Project object */ = {
			isa = PBXProject;
			attributes = {
				BuildIndependentTargetsInParallel = 1;
				LastSwiftUpdateCheck = 1540;
				LastUpgradeCheck = 1540;
				TargetAttributes = {
					D4F1B2CF2C23EF09004EF611 = {
						CreatedOnToolsVersion = 15.4;
					};
				};
			};
			buildConfigurationList = D4F1B2CB2C23EF08004EF611 /* Build configuration list for PBXProject "Habit" */;
			compatibilityVersion = "Xcode 14.0";
			developmentRegion = en;
			hasScannedForEncodings = 0;
			knownRegions = (
				en,
				Base,
			);
			mainGroup = D4F1B2C72C23EF08004EF611;
			productRefGroup = D4F1B2D12C23EF09004EF611 /* Products */;
			projectDirPath = "";
			projectRoot = "";
			targets = (
				D4F1B2CF2C23EF09004EF611 /* Habit */,
			);
		};
/* End PBXProject section */

/* Begin PBXResourcesBuildPhase section */
		D4F1B2CE2C23EF09004EF611 /* Resources */ = {
			isa = PBXResourcesBuildPhase;
			buildActionMask = 2147483647;
			files = (
				D4F1B2DB2C23EF0B004EF611 /* Preview Assets.xcassets in Resources */,
				D4F1B2D82C23EF0B004EF611 /* Assets.xcassets in Resources */,
			);
			runOnlyForDeploymentPostprocessing = 0;
		};
/* End PBXResourcesBuildPhase section */

/* Begin PBXSourcesBuildPhase section */
		D4F1B2CC2C23EF09004EF611 /* Sources */ = {
			isa = PBXSourcesBuildPhase;
			buildActionMask = 2147483647;
			files = (
				D4F1B2E82C23F0DA004EF611 /* SplashUIState.swift in Sources */,
				D464359A2C24924B0032FBB1 /* SignUpViewModel.swift in Sources */,
				D46435B42C2CE7260032FBB1 /* SignUpRequest.swift in Sources */,
				D46435912C248F950032FBB1 /* HomeViewModel.swift in Sources */,
				D46435AD2C24FCD70032FBB1 /* String+Extension.swift in Sources */,
				D46435A22C24A48D0032FBB1 /* SignUpViewRouter.swift in Sources */,
				D46435AF2C24FF900032FBB1 /* LoadingButtonView.swift in Sources */,
				D46435A02C24A3E90032FBB1 /* SignUpUIState.swift in Sources */,
				D4F1B2D42C23EF09004EF611 /* HabitApp.swift in Sources */,
				D46435832C24776F0032FBB1 /* SignInViewModel.swift in Sources */,
				D46435982C2492430032FBB1 /* SignUpView.swift in Sources */,
				D464359E2C249F320032FBB1 /* Gender.swift in Sources */,
				D464358F2C248F890032FBB1 /* HomeView.swift in Sources */,
				D46435892C248F0B0032FBB1 /* SignInViewRouter.swift in Sources */,
				D4F1B2E62C23EFE8004EF611 /* SplashView.swift in Sources */,
				D464357B2C245F4F0032FBB1 /* SplashViewModel.swift in Sources */,
				D46435872C2489D80032FBB1 /* SignInUIState.swift in Sources */,
				D46435A52C24CA940032FBB1 /* EditTextView.swift in Sources */,
				D46435852C24784B0032FBB1 /* SplashViewRouter.swift in Sources */,
				D46435B22C2525850032FBB1 /* WebService.swift in Sources */,
				D46435812C2477380032FBB1 /* SignInView.swift in Sources */,
			);
			runOnlyForDeploymentPostprocessing = 0;
		};
/* End PBXSourcesBuildPhase section */

/* Begin XCBuildConfiguration section */
		D4F1B2DC2C23EF0B004EF611 /* Debug */ = {
			isa = XCBuildConfiguration;
			buildSettings = {
				ALWAYS_SEARCH_USER_PATHS = NO;
				ASSETCATALOG_COMPILER_GENERATE_SWIFT_ASSET_SYMBOL_EXTENSIONS = YES;
				CLANG_ANALYZER_NONNULL = YES;
				CLANG_ANALYZER_NUMBER_OBJECT_CONVERSION = YES_AGGRESSIVE;
				CLANG_CXX_LANGUAGE_STANDARD = "gnu++20";
				CLANG_ENABLE_MODULES = YES;
				CLANG_ENABLE_OBJC_ARC = YES;
				CLANG_ENABLE_OBJC_WEAK = YES;
				CLANG_WARN_BLOCK_CAPTURE_AUTORELEASING = YES;
				CLANG_WARN_BOOL_CONVERSION = YES;
				CLANG_WARN_COMMA = YES;
				CLANG_WARN_CONSTANT_CONVERSION = YES;
				CLANG_WARN_DEPRECATED_OBJC_IMPLEMENTATIONS = YES;
				CLANG_WARN_DIRECT_OBJC_ISA_USAGE = YES_ERROR;
				CLANG_WARN_DOCUMENTATION_COMMENTS = YES;
				CLANG_WARN_EMPTY_BODY = YES;
				CLANG_WARN_ENUM_CONVERSION = YES;
				CLANG_WARN_INFINITE_RECURSION = YES;
				CLANG_WARN_INT_CONVERSION = YES;
				CLANG_WARN_NON_LITERAL_NULL_CONVERSION = YES;
				CLANG_WARN_OBJC_IMPLICIT_RETAIN_SELF = YES;
				CLANG_WARN_OBJC_LITERAL_CONVERSION = YES;
				CLANG_WARN_OBJC_ROOT_CLASS = YES_ERROR;
				CLANG_WARN_QUOTED_INCLUDE_IN_FRAMEWORK_HEADER = YES;
				CLANG_WARN_RANGE_LOOP_ANALYSIS = YES;
				CLANG_WARN_STRICT_PROTOTYPES = YES;
				CLANG_WARN_SUSPICIOUS_MOVE = YES;
				CLANG_WARN_UNGUARDED_AVAILABILITY = YES_AGGRESSIVE;
				CLANG_WARN_UNREACHABLE_CODE = YES;
				CLANG_WARN__DUPLICATE_METHOD_MATCH = YES;
				COPY_PHASE_STRIP = NO;
				DEBUG_INFORMATION_FORMAT = dwarf;
				ENABLE_STRICT_OBJC_MSGSEND = YES;
				ENABLE_TESTABILITY = YES;
				ENABLE_USER_SCRIPT_SANDBOXING = YES;
				GCC_C_LANGUAGE_STANDARD = gnu17;
				GCC_DYNAMIC_NO_PIC = NO;
				GCC_NO_COMMON_BLOCKS = YES;
				GCC_OPTIMIZATION_LEVEL = 0;
				GCC_PREPROCESSOR_DEFINITIONS = (
					"DEBUG=1",
					"$(inherited)",
				);
				GCC_WARN_64_TO_32_BIT_CONVERSION = YES;
				GCC_WARN_ABOUT_RETURN_TYPE = YES_ERROR;
				GCC_WARN_UNDECLARED_SELECTOR = YES;
				GCC_WARN_UNINITIALIZED_AUTOS = YES_AGGRESSIVE;
				GCC_WARN_UNUSED_FUNCTION = YES;
				GCC_WARN_UNUSED_VARIABLE = YES;
				IPHONEOS_DEPLOYMENT_TARGET = 17.5;
				LOCALIZATION_PREFERS_STRING_CATALOGS = YES;
				MTL_ENABLE_DEBUG_INFO = INCLUDE_SOURCE;
				MTL_FAST_MATH = YES;
				ONLY_ACTIVE_ARCH = YES;
				SDKROOT = iphoneos;
				SWIFT_ACTIVE_COMPILATION_CONDITIONS = "DEBUG $(inherited)";
				SWIFT_OPTIMIZATION_LEVEL = "-Onone";
			};
			name = Debug;
		};
		D4F1B2DD2C23EF0B004EF611 /* Release */ = {
			isa = XCBuildConfiguration;
			buildSettings = {
				ALWAYS_SEARCH_USER_PATHS = NO;
				ASSETCATALOG_COMPILER_GENERATE_SWIFT_ASSET_SYMBOL_EXTENSIONS = YES;
				CLANG_ANALYZER_NONNULL = YES;
				CLANG_ANALYZER_NUMBER_OBJECT_CONVERSION = YES_AGGRESSIVE;
				CLANG_CXX_LANGUAGE_STANDARD = "gnu++20";
				CLANG_ENABLE_MODULES = YES;
				CLANG_ENABLE_OBJC_ARC = YES;
				CLANG_ENABLE_OBJC_WEAK = YES;
				CLANG_WARN_BLOCK_CAPTURE_AUTORELEASING = YES;
				CLANG_WARN_BOOL_CONVERSION = YES;
				CLANG_WARN_COMMA = YES;
				CLANG_WARN_CONSTANT_CONVERSION = YES;
				CLANG_WARN_DEPRECATED_OBJC_IMPLEMENTATIONS = YES;
				CLANG_WARN_DIRECT_OBJC_ISA_USAGE = YES_ERROR;
				CLANG_WARN_DOCUMENTATION_COMMENTS = YES;
				CLANG_WARN_EMPTY_BODY = YES;
				CLANG_WARN_ENUM_CONVERSION = YES;
				CLANG_WARN_INFINITE_RECURSION = YES;
				CLANG_WARN_INT_CONVERSION = YES;
				CLANG_WARN_NON_LITERAL_NULL_CONVERSION = YES;
				CLANG_WARN_OBJC_IMPLICIT_RETAIN_SELF = YES;
				CLANG_WARN_OBJC_LITERAL_CONVERSION = YES;
				CLANG_WARN_OBJC_ROOT_CLASS = YES_ERROR;
				CLANG_WARN_QUOTED_INCLUDE_IN_FRAMEWORK_HEADER = YES;
				CLANG_WARN_RANGE_LOOP_ANALYSIS = YES;
				CLANG_WARN_STRICT_PROTOTYPES = YES;
				CLANG_WARN_SUSPICIOUS_MOVE = YES;
				CLANG_WARN_UNGUARDED_AVAILABILITY = YES_AGGRESSIVE;
				CLANG_WARN_UNREACHABLE_CODE = YES;
				CLANG_WARN__DUPLICATE_METHOD_MATCH = YES;
				COPY_PHASE_STRIP = NO;
				DEBUG_INFORMATION_FORMAT = "dwarf-with-dsym";
				ENABLE_NS_ASSERTIONS = NO;
				ENABLE_STRICT_OBJC_MSGSEND = YES;
				ENABLE_USER_SCRIPT_SANDBOXING = YES;
				GCC_C_LANGUAGE_STANDARD = gnu17;
				GCC_NO_COMMON_BLOCKS = YES;
				GCC_WARN_64_TO_32_BIT_CONVERSION = YES;
				GCC_WARN_ABOUT_RETURN_TYPE = YES_ERROR;
				GCC_WARN_UNDECLARED_SELECTOR = YES;
				GCC_WARN_UNINITIALIZED_AUTOS = YES_AGGRESSIVE;
				GCC_WARN_UNUSED_FUNCTION = YES;
				GCC_WARN_UNUSED_VARIABLE = YES;
				IPHONEOS_DEPLOYMENT_TARGET = 17.5;
				LOCALIZATION_PREFERS_STRING_CATALOGS = YES;
				MTL_ENABLE_DEBUG_INFO = NO;
				MTL_FAST_MATH = YES;
				SDKROOT = iphoneos;
				SWIFT_COMPILATION_MODE = wholemodule;
				VALIDATE_PRODUCT = YES;
			};
			name = Release;
		};
		D4F1B2DF2C23EF0B004EF611 /* Debug */ = {
			isa = XCBuildConfiguration;
			buildSettings = {
				ASSETCATALOG_COMPILER_APPICON_NAME = AppIcon;
				ASSETCATALOG_COMPILER_GLOBAL_ACCENT_COLOR_NAME = AccentColor;
				CODE_SIGN_STYLE = Automatic;
				CURRENT_PROJECT_VERSION = 1;
				DEVELOPMENT_ASSET_PATHS = "\"Habit/Preview Content\"";
				DEVELOPMENT_TEAM = D5SZ8678TP;
				ENABLE_PREVIEWS = YES;
				GENERATE_INFOPLIST_FILE = YES;
				INFOPLIST_KEY_UIApplicationSceneManifest_Generation = YES;
				INFOPLIST_KEY_UIApplicationSupportsIndirectInputEvents = YES;
				INFOPLIST_KEY_UILaunchScreen_Generation = YES;
				INFOPLIST_KEY_UISupportedInterfaceOrientations_iPad = "UIInterfaceOrientationPortrait UIInterfaceOrientationPortraitUpsideDown UIInterfaceOrientationLandscapeLeft UIInterfaceOrientationLandscapeRight";
				INFOPLIST_KEY_UISupportedInterfaceOrientations_iPhone = "UIInterfaceOrientationPortrait UIInterfaceOrientationLandscapeLeft UIInterfaceOrientationLandscapeRight";
				IPHONEOS_DEPLOYMENT_TARGET = 16.0;
				LD_RUNPATH_SEARCH_PATHS = (
					"$(inherited)",
					"@executable_path/Frameworks",
				);
				MARKETING_VERSION = 1.0;
				PRODUCT_BUNDLE_IDENTIFIER = com.rafaeljaber.Habit;
				PRODUCT_NAME = "$(TARGET_NAME)";
				SUPPORTED_PLATFORMS = "iphoneos iphonesimulator";
				SUPPORTS_MACCATALYST = NO;
				SUPPORTS_MAC_DESIGNED_FOR_IPHONE_IPAD = NO;
				SUPPORTS_XR_DESIGNED_FOR_IPHONE_IPAD = NO;
				SWIFT_EMIT_LOC_STRINGS = YES;
				SWIFT_VERSION = 5.0;
				TARGETED_DEVICE_FAMILY = "1,2";
			};
			name = Debug;
		};
		D4F1B2E02C23EF0B004EF611 /* Release */ = {
			isa = XCBuildConfiguration;
			buildSettings = {
				ASSETCATALOG_COMPILER_APPICON_NAME = AppIcon;
				ASSETCATALOG_COMPILER_GLOBAL_ACCENT_COLOR_NAME = AccentColor;
				CODE_SIGN_STYLE = Automatic;
				CURRENT_PROJECT_VERSION = 1;
				DEVELOPMENT_ASSET_PATHS = "\"Habit/Preview Content\"";
				DEVELOPMENT_TEAM = D5SZ8678TP;
				ENABLE_PREVIEWS = YES;
				GENERATE_INFOPLIST_FILE = YES;
				INFOPLIST_KEY_UIApplicationSceneManifest_Generation = YES;
				INFOPLIST_KEY_UIApplicationSupportsIndirectInputEvents = YES;
				INFOPLIST_KEY_UILaunchScreen_Generation = YES;
				INFOPLIST_KEY_UISupportedInterfaceOrientations_iPad = "UIInterfaceOrientationPortrait UIInterfaceOrientationPortraitUpsideDown UIInterfaceOrientationLandscapeLeft UIInterfaceOrientationLandscapeRight";
				INFOPLIST_KEY_UISupportedInterfaceOrientations_iPhone = "UIInterfaceOrientationPortrait UIInterfaceOrientationLandscapeLeft UIInterfaceOrientationLandscapeRight";
				IPHONEOS_DEPLOYMENT_TARGET = 16.0;
				LD_RUNPATH_SEARCH_PATHS = (
					"$(inherited)",
					"@executable_path/Frameworks",
				);
				MARKETING_VERSION = 1.0;
				PRODUCT_BUNDLE_IDENTIFIER = com.rafaeljaber.Habit;
				PRODUCT_NAME = "$(TARGET_NAME)";
				SUPPORTED_PLATFORMS = "iphoneos iphonesimulator";
				SUPPORTS_MACCATALYST = NO;
				SUPPORTS_MAC_DESIGNED_FOR_IPHONE_IPAD = NO;
				SUPPORTS_XR_DESIGNED_FOR_IPHONE_IPAD = NO;
				SWIFT_EMIT_LOC_STRINGS = YES;
				SWIFT_VERSION = 5.0;
				TARGETED_DEVICE_FAMILY = "1,2";
			};
			name = Release;
		};
/* End XCBuildConfiguration section */

/* Begin XCConfigurationList section */
		D4F1B2CB2C23EF08004EF611 /* Build configuration list for PBXProject "Habit" */ = {
			isa = XCConfigurationList;
			buildConfigurations = (
				D4F1B2DC2C23EF0B004EF611 /* Debug */,
				D4F1B2DD2C23EF0B004EF611 /* Release */,
			);
			defaultConfigurationIsVisible = 0;
			defaultConfigurationName = Release;
		};
		D4F1B2DE2C23EF0B004EF611 /* Build configuration list for PBXNativeTarget "Habit" */ = {
			isa = XCConfigurationList;
			buildConfigurations = (
				D4F1B2DF2C23EF0B004EF611 /* Debug */,
				D4F1B2E02C23EF0B004EF611 /* Release */,
			);
			defaultConfigurationIsVisible = 0;
			defaultConfigurationName = Release;
		};
/* End XCConfigurationList section */
	};
	rootObject = D4F1B2C82C23EF08004EF611 /* Project object */;
}
